DEPENDENCIES
  ocserv
    path: .
    metadata: true
  ocserv_config
    path: test/fixtures/cookbooks/ocserv_config

GRAPH
  compat_resource (12.16.2)
  firewalld (1.1.1)
  line (0.6.3)
  ocserv (0.1.1)
    firewalld (>= 0.0.0)
    line (>= 0.0.0)
    simple_iptables (>= 0.0.0)
    yum (>= 0.0.0)
    yum-epel (>= 0.0.0)
  ocserv_config (0.0.0)
    ocserv (>= 0.0.0)
  simple_iptables (0.8.0)
  yum (4.1.0)
  yum-epel (2.0.0)
    compat_resource (>= 12.14.6)
